
Microsoft Visual Studio Solution File, Format Version 12.00
# Visual Studio Version 17
VisualStudioVersion = 17.11.35208.52
MinimumVisualStudioVersion = 10.0.40219.1
Project("{FAE04EC0-301F-11D3-BF4B-00C04F79EFBC}") = "kevinweblira", "kevinweblira.csproj", "{9E2885E5-97C8-4792-99F9-BF51ACCC1A36}"
EndProject
Global
	GlobalSection(SolutionConfigurationPlatforms) = preSolution
		Debug|Any CPU = Debug|Any CPU
		Release|Any CPU = Release|Any CPU
	EndGlobalSection
	GlobalSection(ProjectConfigurationPlatforms) = postSolution
		{9E2885E5-97C8-4792-99F9-BF51ACCC1A36}.Debug|Any CPU.ActiveCfg = Debug|Any CPU
		{9E2885E5-97C8-4792-99F9-BF51ACCC1A36}.Debug|Any CPU.Build.0 = Debug|Any CPU
		{9E2885E5-97C8-4792-99F9-BF51ACCC1A36}.Release|Any CPU.ActiveCfg = Release|Any CPU
		{9E2885E5-97C8-4792-99F9-BF51ACCC1A36}.Release|Any CPU.Build.0 = Release|Any CPU
	EndGlobalSection
	GlobalSection(SolutionProperties) = preSolution
		HideSolutionNode = FALSE
	EndGlobalSection
	GlobalSection(ExtensibilityGlobals) = postSolution
		SolutionGuid = {B064E2B9-9F6D-4806-8184-9972E2974A61}
	EndGlobalSection
EndGlobal
